
Microsoft Visual Studio Solution File, Format Version 12.00
# Visual Studio Version 17
VisualStudioVersion = 17.1.32228.430
MinimumVisualStudioVersion = 10.0.40219.1
Project("{FAE04EC0-301F-11D3-BF4B-00C04F79EFBC}") = "Prime_Number", "Preparation\Prime_Number.csproj", "{D206054E-4ED6-4736-ACEC-E43D4CA44F65}"
EndProject
Global
	GlobalSection(SolutionConfigurationPlatforms) = preSolution
		Debug|Any CPU = Debug|Any CPU
		Release|Any CPU = Release|Any CPU
	EndGlobalSection
	GlobalSection(ProjectConfigurationPlatforms) = postSolution
		{D206054E-4ED6-4736-ACEC-E43D4CA44F65}.Debug|Any CPU.ActiveCfg = Debug|Any CPU
		{D206054E-4ED6-4736-ACEC-E43D4CA44F65}.Debug|Any CPU.Build.0 = Debug|Any CPU
		{D206054E-4ED6-4736-ACEC-E43D4CA44F65}.Release|Any CPU.ActiveCfg = Release|Any CPU
		{D206054E-4ED6-4736-ACEC-E43D4CA44F65}.Release|Any CPU.Build.0 = Release|Any CPU
	EndGlobalSection
	GlobalSection(SolutionProperties) = preSolution
		HideSolutionNode = FALSE
	EndGlobalSection
	GlobalSection(ExtensibilityGlobals) = postSolution
		SolutionGuid = {F63741F8-4B5D-4830-88AC-69D4B36F9403}
	EndGlobalSection
EndGlobal
