
Microsoft Visual Studio Solution File, Format Version 12.00
# Visual Studio Version 17
VisualStudioVersion = 17.1.32228.430
MinimumVisualStudioVersion = 10.0.40219.1
Project("{FAE04EC0-301F-11D3-BF4B-00C04F79EFBC}") = "Swapping", "Swapping\Swapping.csproj", "{81DD5CF3-0015-48FC-A653-2EA277DEDA5C}"
EndProject
Global
	GlobalSection(SolutionConfigurationPlatforms) = preSolution
		Debug|Any CPU = Debug|Any CPU
		Release|Any CPU = Release|Any CPU
	EndGlobalSection
	GlobalSection(ProjectConfigurationPlatforms) = postSolution
		{81DD5CF3-0015-48FC-A653-2EA277DEDA5C}.Debug|Any CPU.ActiveCfg = Debug|Any CPU
		{81DD5CF3-0015-48FC-A653-2EA277DEDA5C}.Debug|Any CPU.Build.0 = Debug|Any CPU
		{81DD5CF3-0015-48FC-A653-2EA277DEDA5C}.Release|Any CPU.ActiveCfg = Release|Any CPU
		{81DD5CF3-0015-48FC-A653-2EA277DEDA5C}.Release|Any CPU.Build.0 = Release|Any CPU
	EndGlobalSection
	GlobalSection(SolutionProperties) = preSolution
		HideSolutionNode = FALSE
	EndGlobalSection
	GlobalSection(ExtensibilityGlobals) = postSolution
		SolutionGuid = {E4487186-82DE-460E-838F-5A3D55C6025E}
	EndGlobalSection
EndGlobal
