
Microsoft Visual Studio Solution File, Format Version 12.00
# Visual Studio Version 17
VisualStudioVersion = 17.1.32228.430
MinimumVisualStudioVersion = 10.0.40219.1
Project("{FAE04EC0-301F-11D3-BF4B-00C04F79EFBC}") = "Find_Largest", "Find_Largest\Find_Largest.csproj", "{F74564CE-BAE6-42EF-A40D-509D3391931F}"
EndProject
Global
	GlobalSection(SolutionConfigurationPlatforms) = preSolution
		Debug|Any CPU = Debug|Any CPU
		Release|Any CPU = Release|Any CPU
	EndGlobalSection
	GlobalSection(ProjectConfigurationPlatforms) = postSolution
		{F74564CE-BAE6-42EF-A40D-509D3391931F}.Debug|Any CPU.ActiveCfg = Debug|Any CPU
		{F74564CE-BAE6-42EF-A40D-509D3391931F}.Debug|Any CPU.Build.0 = Debug|Any CPU
		{F74564CE-BAE6-42EF-A40D-509D3391931F}.Release|Any CPU.ActiveCfg = Release|Any CPU
		{F74564CE-BAE6-42EF-A40D-509D3391931F}.Release|Any CPU.Build.0 = Release|Any CPU
	EndGlobalSection
	GlobalSection(SolutionProperties) = preSolution
		HideSolutionNode = FALSE
	EndGlobalSection
	GlobalSection(ExtensibilityGlobals) = postSolution
		SolutionGuid = {FE267E52-0204-4C9B-B1F5-A016C34668EC}
	EndGlobalSection
EndGlobal
